Microsoft Visual Studio Solution File, Format Version 12.00
# Visual Studio Version 17
VisualStudioVersion = 17.0.31903.59
MinimumVisualStudioVersion = 10.0.40219.1
Project("{2150E333-8FDC-42A3-9474-1A3956D46DE8}") = "src", "src", "{827E0CD3-B72D-47B6-A68D-7590B98EB39B}"
EndProject
Project("{FAE04EC0-301F-11D3-BF4B-00C04F79EFBC}") = "revix.API", "src\revix.API\revix.API.csproj", "{5934DED1-36DA-45B0-9146-C23D5E927686}"
EndProject
Project("{FAE04EC0-301F-11D3-BF4B-00C04F79EFBC}") = "revix.core", "src\revix.core\revix.core.csproj", "{F74BE1B3-814D-47A5-9E19-3E10C88F3DA6}"
EndProject
Project("{FAE04EC0-301F-11D3-BF4B-00C04F79EFBC}") = "revix.infrastructure", "src\revix.infrastructure\revix.infrastructure.csproj", "{A038A1BE-56C2-BA71-E93E-7C2DACFA102D}"
EndProject
Project("{FAE04EC0-301F-11D3-BF4B-00C04F79EFBC}") = "revix.worker", "src\revix.worker\revix.worker.csproj", "{28C82A24-773B-46C1-8676-738A29DC78C4}"
EndProject
Project("{2150E333-8FDC-42A3-9474-1A3956D46DE8}") = "tests", "tests", "{0AB3BF05-4346-4AA6-1389-037BE0695223}"
EndProject
Project("{FAE04EC0-301F-11D3-BF4B-00C04F79EFBC}") = "revix.tests", "tests\revix.tests\revix.tests.csproj", "{C39ACA63-70AA-40AE-948F-C251B1E0AB7E}"
EndProject
Global
	GlobalSection(SolutionConfigurationPlatforms) = preSolution
		Debug|Any CPU = Debug|Any CPU
		Release|Any CPU = Release|Any CPU
	EndGlobalSection
	GlobalSection(ProjectConfigurationPlatforms) = postSolution
		{5934DED1-36DA-45B0-9146-C23D5E927686}.Debug|Any CPU.ActiveCfg = Debug|Any CPU
		{5934DED1-36DA-45B0-9146-C23D5E927686}.Debug|Any CPU.Build.0 = Debug|Any CPU
		{5934DED1-36DA-45B0-9146-C23D5E927686}.Release|Any CPU.ActiveCfg = Release|Any CPU
		{5934DED1-36DA-45B0-9146-C23D5E927686}.Release|Any CPU.Build.0 = Release|Any CPU
		{F74BE1B3-814D-47A5-9E19-3E10C88F3DA6}.Debug|Any CPU.ActiveCfg = Debug|Any CPU
		{F74BE1B3-814D-47A5-9E19-3E10C88F3DA6}.Debug|Any CPU.Build.0 = Debug|Any CPU
		{F74BE1B3-814D-47A5-9E19-3E10C88F3DA6}.Release|Any CPU.ActiveCfg = Release|Any CPU
		{F74BE1B3-814D-47A5-9E19-3E10C88F3DA6}.Release|Any CPU.Build.0 = Release|Any CPU
		{A038A1BE-56C2-BA71-E93E-7C2DACFA102D}.Debug|Any CPU.ActiveCfg = Debug|Any CPU
		{A038A1BE-56C2-BA71-E93E-7C2DACFA102D}.Debug|Any CPU.Build.0 = Debug|Any CPU
		{A038A1BE-56C2-BA71-E93E-7C2DACFA102D}.Release|Any CPU.ActiveCfg = Release|Any CPU
		{A038A1BE-56C2-BA71-E93E-7C2DACFA102D}.Release|Any CPU.Build.0 = Release|Any CPU
		{28C82A24-773B-46C1-8676-738A29DC78C4}.Debug|Any CPU.ActiveCfg = Debug|Any CPU
		{28C82A24-773B-46C1-8676-738A29DC78C4}.Debug|Any CPU.Build.0 = Debug|Any CPU
		{28C82A24-773B-46C1-8676-738A29DC78C4}.Release|Any CPU.ActiveCfg = Release|Any CPU
		{28C82A24-773B-46C1-8676-738A29DC78C4}.Release|Any CPU.Build.0 = Release|Any CPU
		{C39ACA63-70AA-40AE-948F-C251B1E0AB7E}.Debug|Any CPU.ActiveCfg = Debug|Any CPU
		{C39ACA63-70AA-40AE-948F-C251B1E0AB7E}.Debug|Any CPU.Build.0 = Debug|Any CPU
		{C39ACA63-70AA-40AE-948F-C251B1E0AB7E}.Release|Any CPU.ActiveCfg = Release|Any CPU
		{C39ACA63-70AA-40AE-948F-C251B1E0AB7E}.Release|Any CPU.Build.0 = Release|Any CPU
	EndGlobalSection
	GlobalSection(SolutionProperties) = preSolution
		HideSolutionNode = FALSE
	EndGlobalSection
	GlobalSection(NestedProjects) = preSolution
		{5934DED1-36DA-45B0-9146-C23D5E927686} = {827E0CD3-B72D-47B6-A68D-7590B98EB39B}
		{F74BE1B3-814D-47A5-9E19-3E10C88F3DA6} = {827E0CD3-B72D-47B6-A68D-7590B98EB39B}
		{A038A1BE-56C2-BA71-E93E-7C2DACFA102D} = {827E0CD3-B72D-47B6-A68D-7590B98EB39B}
		{28C82A24-773B-46C1-8676-738A29DC78C4} = {827E0CD3-B72D-47B6-A68D-7590B98EB39B}
		{C39ACA63-70AA-40AE-948F-C251B1E0AB7E} = {0AB3BF05-4346-4AA6-1389-037BE0695223}
	EndGlobalSection
EndGlobal